// !$*UTF8*$!
{
	archiveVersion = 1;
	classes = {
	};
	objectVersion = 52;
	objects = {

/* Begin PBXBuildFile section */
		CA035E2C266B0001009D66EF /* AppDelegate.swift in Sources */ = {isa = PBXBuildFile; fileRef = CA035E2B266B0001009D66EF /* AppDelegate.swift */; };
		CA035E2E266B0001009D66EF /* SceneDelegate.swift in Sources */ = {isa = PBXBuildFile; fileRef = CA035E2D266B0001009D66EF /* SceneDelegate.swift */; };
		CA035E30266B0001009D66EF /* ContentView.swift in Sources */ = {isa = PBXBuildFile; fileRef = CA035E2F266B0001009D66EF /* ContentView.swift */; };
		CA035E33266B0001009D66EF /* HotProspects.xcdatamodeld in Sources */ = {isa = PBXBuildFile; fileRef = CA035E31266B0001009D66EF /* HotProspects.xcdatamodeld */; };
		CA035E35266B0002009D66EF /* Assets.xcassets in Resources */ = {isa = PBXBuildFile; fileRef = CA035E34266B0002009D66EF /* Assets.xcassets */; };
		CA035E38266B0002009D66EF /* Preview Assets.xcassets in Resources */ = {isa = PBXBuildFile; fileRef = CA035E37266B0002009D66EF /* Preview Assets.xcassets */; };
		CA035E3B266B0002009D66EF /* LaunchScreen.storyboard in Resources */ = {isa = PBXBuildFile; fileRef = CA035E39266B0002009D66EF /* LaunchScreen.storyboard */; };
		CA035E48266EA4EF009D66EF /* MeView.swift in Sources */ = {isa = PBXBuildFile; fileRef = CA035E47266EA4EF009D66EF /* MeView.swift */; };
		CA035E4D266FF756009D66EF /* CodeScanner in Frameworks */ = {isa = PBXBuildFile; productRef = CA035E4C266FF756009D66EF /* CodeScanner */; };
		CAA3FBE426714AA5005F241C /* ProspectsView.swift in Sources */ = {isa = PBXBuildFile; fileRef = CAA3FBE226714AA5005F241C /* ProspectsView.swift */; };
		CAA3FBE526714AA5005F241C /* Prospect.swift in Sources */ = {isa = PBXBuildFile; fileRef = CAA3FBE326714AA5005F241C /* Prospect.swift */; };
/* End PBXBuildFile section */

/* Begin PBXFileReference section */
		CA035E28266B0001009D66EF /* HotProspects.app */ = {isa = PBXFileReference; explicitFileType = wrapper.application; includeInIndex = 0; path = HotProspects.app; sourceTree = BUILT_PRODUCTS_DIR; };
		CA035E2B266B0001009D66EF /* AppDelegate.swift */ = {isa = PBXFileReference; lastKnownFileType = sourcecode.swift; path = AppDelegate.swift; sourceTree = "<group>"; };
		CA035E2D266B0001009D66EF /* SceneDelegate.swift */ = {isa = PBXFileReference; lastKnownFileType = sourcecode.swift; path = SceneDelegate.swift; sourceTree = "<group>"; };
		CA035E2F266B0001009D66EF /* ContentView.swift */ = {isa = PBXFileReference; lastKnownFileType = sourcecode.swift; path = ContentView.swift; sourceTree = "<group>"; };
		CA035E32266B0001009D66EF /* HotProspects.xcdatamodel */ = {isa = PBXFileReference; lastKnownFileType = wrapper.xcdatamodel; path = HotProspects.xcdatamodel; sourceTree = "<group>"; };
		CA035E34266B0002009D66EF /* Assets.xcassets */ = {isa = PBXFileReference; lastKnownFileType = folder.assetcatalog; path = Assets.xcassets; sourceTree = "<group>"; };
		CA035E37266B0002009D66EF /* Preview Assets.xcassets */ = {isa = PBXFileReference; lastKnownFileType = folder.assetcatalog; path = "Preview Assets.xcassets"; sourceTree = "<group>"; };
		CA035E3A266B0002009D66EF /* Base */ = {isa = PBXFileReference; lastKnownFileType = file.storyboard; name = Base; path = Base.lproj/LaunchScreen.storyboard; sourceTree = "<group>"; };
		CA035E3C266B0002009D66EF /* Info.plist */ = {isa = PBXFileReference; lastKnownFileType = text.plist.xml; path = Info.plist; sourceTree = "<group>"; };
		CA035E47266EA4EF009D66EF /* MeView.swift */ = {isa = PBXFileReference; lastKnownFileType = sourcecode.swift; path = MeView.swift; sourceTree = "<group>"; };
		CAA3FBE226714AA5005F241C /* ProspectsView.swift */ = {isa = PBXFileReference; fileEncoding = 4; lastKnownFileType = sourcecode.swift; path = ProspectsView.swift; sourceTree = "<group>"; };
		CAA3FBE326714AA5005F241C /* Prospect.swift */ = {isa = PBXFileReference; fileEncoding = 4; lastKnownFileType = sourcecode.swift; path = Prospect.swift; sourceTree = "<group>"; };
/* End PBXFileReference section */

/* Begin PBXFrameworksBuildPhase section */
		CA035E25266B0001009D66EF /* Frameworks */ = {
			isa = PBXFrameworksBuildPhase;
			buildActionMask = 2147483647;
			files = (
				CA035E4D266FF756009D66EF /* CodeScanner in Frameworks */,
			);
			runOnlyForDeploymentPostprocessing = 0;
		};
/* End PBXFrameworksBuildPhase section */

/* Begin PBXGroup section */
		CA035E1F266B0001009D66EF = {
			isa = PBXGroup;
			children = (
				CA035E2A266B0001009D66EF /* HotProspects */,
				CA035E29266B0001009D66EF /* Products */,
			);
			sourceTree = "<group>";
		};
		CA035E29266B0001009D66EF /* Products */ = {
			isa = PBXGroup;
			children = (
				CA035E28266B0001009D66EF /* HotProspects.app */,
			);
			name = Products;
			sourceTree = "<group>";
		};
		CA035E2A266B0001009D66EF /* HotProspects */ = {
			isa = PBXGroup;
			children = (
				CA035E2B266B0001009D66EF /* AppDelegate.swift */,
				CA035E2D266B0001009D66EF /* SceneDelegate.swift */,
				CA035E2F266B0001009D66EF /* ContentView.swift */,
				CAA3FBE326714AA5005F241C /* Prospect.swift */,
				CAA3FBE226714AA5005F241C /* ProspectsView.swift */,
				CA035E47266EA4EF009D66EF /* MeView.swift */,
				CA035E34266B0002009D66EF /* Assets.xcassets */,
				CA035E39266B0002009D66EF /* LaunchScreen.storyboard */,
				CA035E3C266B0002009D66EF /* Info.plist */,
				CA035E31266B0001009D66EF /* HotProspects.xcdatamodeld */,
				CA035E36266B0002009D66EF /* Preview Content */,
			);
			path = HotProspects;
			sourceTree = "<group>";
		};
		CA035E36266B0002009D66EF /* Preview Content */ = {
			isa = PBXGroup;
			children = (
				CA035E37266B0002009D66EF /* Preview Assets.xcassets */,
			);
			path = "Preview Content";
			sourceTree = "<group>";
		};
/* End PBXGroup section */

/* Begin PBXNativeTarget section */
		CA035E27266B0001009D66EF /* HotProspects */ = {
			isa = PBXNativeTarget;
			buildConfigurationList = CA035E3F266B0002009D66EF /* Build configuration list for PBXNativeTarget "HotProspects" */;
			buildPhases = (
				CA035E24266B0001009D66EF /* Sources */,
				CA035E25266B0001009D66EF /* Frameworks */,
				CA035E26266B0001009D66EF /* Resources */,
			);
			buildRules = (
			);
			dependencies = (
			);
			name = HotProspects;
			packageProductDependencies = (
				CA035E4C266FF756009D66EF /* CodeScanner */,
			);
			productName = HotProspects;
			productReference = CA035E28266B0001009D66EF /* HotProspects.app */;
			productType = "com.apple.product-type.application";
		};
/* End PBXNativeTarget section */

/* Begin PBXProject section */
		CA035E20266B0001009D66EF /* Project object */ = {
			isa = PBXProject;
			attributes = {
				LastSwiftUpdateCheck = 1250;
				LastUpgradeCheck = 1250;
				TargetAttributes = {
					CA035E27266B0001009D66EF = {
						CreatedOnToolsVersion = 12.5;
					};
				};
			};
			buildConfigurationList = CA035E23266B0001009D66EF /* Build configuration list for PBXProject "HotProspects" */;
			compatibilityVersion = "Xcode 9.3";
			developmentRegion = en;
			hasScannedForEncodings = 0;
			knownRegions = (
				en,
				Base,
			);
			mainGroup = CA035E1F266B0001009D66EF;
			packageReferences = (
				CA035E4B266FF756009D66EF /* XCRemoteSwiftPackageReference "CodeScanner" */,
			);
			productRefGroup = CA035E29266B0001009D66EF /* Products */;
			projectDirPath = "";
			projectRoot = "";
			targets = (
				CA035E27266B0001009D66EF /* HotProspects */,
			);
		};
/* End PBXProject section */

/* Begin PBXResourcesBuildPhase section */
		CA035E26266B0001009D66EF /* Resources */ = {
			isa = PBXResourcesBuildPhase;
			buildActionMask = 2147483647;
			files = (
				CA035E3B266B0002009D66EF /* LaunchScreen.storyboard in Resources */,
				CA035E38266B0002009D66EF /* Preview Assets.xcassets in Resources */,
				CA035E35266B0002009D66EF /* Assets.xcassets in Resources */,
			);
			runOnlyForDeploymentPostprocessing = 0;
		};
/* End PBXResourcesBuildPhase section */

/* Begin PBXSourcesBuildPhase section */
		CA035E24266B0001009D66EF /* Sources */ = {
			isa = PBXSourcesBuildPhase;
			buildActionMask = 2147483647;
			files = (
				CAA3FBE426714AA5005F241C /* ProspectsView.swift in Sources */,
				CA035E48266EA4EF009D66EF /* MeView.swift in Sources */,
				CA035E2C266B0001009D66EF /* AppDelegate.swift in Sources */,
				CAA3FBE526714AA5005F241C /* Prospect.swift in Sources */,
				CA035E2E266B0001009D66EF /* SceneDelegate.swift in Sources */,
				CA035E30266B0001009D66EF /* ContentView.swift in Sources */,
				CA035E33266B0001009D66EF /* HotProspects.xcdatamodeld in Sources */,
			);
			runOnlyForDeploymentPostprocessing = 0;
		};
/* End PBXSourcesBuildPhase section */

/* Begin PBXVariantGroup section */
		CA035E39266B0002009D66EF /* LaunchScreen.storyboard */ = {
			isa = PBXVariantGroup;
			children = (
				CA035E3A266B0002009D66EF /* Base */,
			);
			name = LaunchScreen.storyboard;
			sourceTree = "<group>";
		};
/* End PBXVariantGroup section */

/* Begin XCBuildConfiguration section */
		CA035E3D266B0002009D66EF /* Debug */ = {
			isa = XCBuildConfiguration;
			buildSettings = {
				ALWAYS_SEARCH_USER_PATHS = NO;
				CLANG_ANALYZER_NONNULL = YES;
				CLANG_ANALYZER_NUMBER_OBJECT_CONVERSION = YES_AGGRESSIVE;
				CLANG_CXX_LANGUAGE_STANDARD = "gnu++14";
				CLANG_CXX_LIBRARY = "libc++";
				CLANG_ENABLE_MODULES = YES;
				CLANG_ENABLE_OBJC_ARC = YES;
				CLANG_ENABLE_OBJC_WEAK = YES;
				CLANG_WARN_BLOCK_CAPTURE_AUTORELEASING = YES;
				CLANG_WARN_BOOL_CONVERSION = YES;
				CLANG_WARN_COMMA = YES;
				CLANG_WARN_CONSTANT_CONVERSION = YES;
				CLANG_WARN_DEPRECATED_OBJC_IMPLEMENTATIONS = YES;
				CLANG_WARN_DIRECT_OBJC_ISA_USAGE = YES_ERROR;
				CLANG_WARN_DOCUMENTATION_COMMENTS = YES;
				CLANG_WARN_EMPTY_BODY = YES;
				CLANG_WARN_ENUM_CONVERSION = YES;
				CLANG_WARN_INFINITE_RECURSION = YES;
				CLANG_WARN_INT_CONVERSION = YES;
				CLANG_WARN_NON_LITERAL_NULL_CONVERSION = YES;
				CLANG_WARN_OBJC_IMPLICIT_RETAIN_SELF = YES;
				CLANG_WARN_OBJC_LITERAL_CONVERSION = YES;
				CLANG_WARN_OBJC_ROOT_CLASS = YES_ERROR;
				CLANG_WARN_QUOTED_INCLUDE_IN_FRAMEWORK_HEADER = YES;
				CLANG_WARN_RANGE_LOOP_ANALYSIS = YES;
				CLANG_WARN_STRICT_PROTOTYPES = YES;
				CLANG_WARN_SUSPICIOUS_MOVE = YES;
				CLANG_WARN_UNGUARDED_AVAILABILITY = YES_AGGRESSIVE;
				CLANG_WARN_UNREACHABLE_CODE = YES;
				CLANG_WARN__DUPLICATE_METHOD_MATCH = YES;
				COPY_PHASE_STRIP = NO;
				DEBUG_INFORMATION_FORMAT = dwarf;
				ENABLE_STRICT_OBJC_MSGSEND = YES;
				ENABLE_TESTABILITY = YES;
				GCC_C_LANGUAGE_STANDARD = gnu11;
				GCC_DYNAMIC_NO_PIC = NO;
				GCC_NO_COMMON_BLOCKS = YES;
				GCC_OPTIMIZATION_LEVEL = 0;
				GCC_PREPROCESSOR_DEFINITIONS = (
					"DEBUG=1",
					"$(inherited)",
				);
				GCC_WARN_64_TO_32_BIT_CONVERSION = YES;
				GCC_WARN_ABOUT_RETURN_TYPE = YES_ERROR;
				GCC_WARN_UNDECLARED_SELECTOR = YES;
				GCC_WARN_UNINITIALIZED_AUTOS = YES_AGGRESSIVE;
				GCC_WARN_UNUSED_FUNCTION = YES;
				GCC_WARN_UNUSED_VARIABLE = YES;
				IPHONEOS_DEPLOYMENT_TARGET = 14.5;
				MTL_ENABLE_DEBUG_INFO = INCLUDE_SOURCE;
				MTL_FAST_MATH = YES;
				ONLY_ACTIVE_ARCH = YES;
				SDKROOT = iphoneos;
				SWIFT_ACTIVE_COMPILATION_CONDITIONS = DEBUG;
				SWIFT_OPTIMIZATION_LEVEL = "-Onone";
			};
			name = Debug;
		};
		CA035E3E266B0002009D66EF /* Release */ = {
			isa = XCBuildConfiguration;
			buildSettings = {
				ALWAYS_SEARCH_USER_PATHS = NO;
				CLANG_ANALYZER_NONNULL = YES;
				CLANG_ANALYZER_NUMBER_OBJECT_CONVERSION = YES_AGGRESSIVE;
				CLANG_CXX_LANGUAGE_STANDARD = "gnu++14";
				CLANG_CXX_LIBRARY = "libc++";
				CLANG_ENABLE_MODULES = YES;
				CLANG_ENABLE_OBJC_ARC = YES;
				CLANG_ENABLE_OBJC_WEAK = YES;
				CLANG_WARN_BLOCK_CAPTURE_AUTORELEASING = YES;
				CLANG_WARN_BOOL_CONVERSION = YES;
				CLANG_WARN_COMMA = YES;
				CLANG_WARN_CONSTANT_CONVERSION = YES;
				CLANG_WARN_DEPRECATED_OBJC_IMPLEMENTATIONS = YES;
				CLANG_WARN_DIRECT_OBJC_ISA_USAGE = YES_ERROR;
				CLANG_WARN_DOCUMENTATION_COMMENTS = YES;
				CLANG_WARN_EMPTY_BODY = YES;
				CLANG_WARN_ENUM_CONVERSION = YES;
				CLANG_WARN_INFINITE_RECURSION = YES;
				CLANG_WARN_INT_CONVERSION = YES;
				CLANG_WARN_NON_LITERAL_NULL_CONVERSION = YES;
				CLANG_WARN_OBJC_IMPLICIT_RETAIN_SELF = YES;
				CLANG_WARN_OBJC_LITERAL_CONVERSION = YES;
				CLANG_WARN_OBJC_ROOT_CLASS = YES_ERROR;
				CLANG_WARN_QUOTED_INCLUDE_IN_FRAMEWORK_HEADER = YES;
				CLANG_WARN_RANGE_LOOP_ANALYSIS = YES;
				CLANG_WARN_STRICT_PROTOTYPES = YES;
				CLANG_WARN_SUSPICIOUS_MOVE = YES;
				CLANG_WARN_UNGUARDED_AVAILABILITY = YES_AGGRESSIVE;
				CLANG_WARN_UNREACHABLE_CODE = YES;
				CLANG_WARN__DUPLICATE_METHOD_MATCH = YES;
				COPY_PHASE_STRIP = NO;
				DEBUG_INFORMATION_FORMAT = "dwarf-with-dsym";
				ENABLE_NS_ASSERTIONS = NO;
				ENABLE_STRICT_OBJC_MSGSEND = YES;
				GCC_C_LANGUAGE_STANDARD = gnu11;
				GCC_NO_COMMON_BLOCKS = YES;
				GCC_WARN_64_TO_32_BIT_CONVERSION = YES;
				GCC_WARN_ABOUT_RETURN_TYPE = YES_ERROR;
				GCC_WARN_UNDECLARED_SELECTOR = YES;
				GCC_WARN_UNINITIALIZED_AUTOS = YES_AGGRESSIVE;
				GCC_WARN_UNUSED_FUNCTION = YES;
				GCC_WARN_UNUSED_VARIABLE = YES;
				IPHONEOS_DEPLOYMENT_TARGET = 14.5;
				MTL_ENABLE_DEBUG_INFO = NO;
				MTL_FAST_MATH = YES;
				SDKROOT = iphoneos;
				SWIFT_COMPILATION_MODE = wholemodule;
				SWIFT_OPTIMIZATION_LEVEL = "-O";
				VALIDATE_PRODUCT = YES;
			};
			name = Release;
		};
		CA035E40266B0002009D66EF /* Debug */ = {
			isa = XCBuildConfiguration;
			buildSettings = {
				ASSETCATALOG_COMPILER_APPICON_NAME = AppIcon;
				ASSETCATALOG_COMPILER_GLOBAL_ACCENT_COLOR_NAME = AccentColor;
				CODE_SIGN_STYLE = Automatic;
				DEVELOPMENT_ASSET_PATHS = "\"HotProspects/Preview Content\"";
				DEVELOPMENT_TEAM = GN64R4AHYT;
				ENABLE_PREVIEWS = YES;
				INFOPLIST_FILE = HotProspects/Info.plist;
				LD_RUNPATH_SEARCH_PATHS = (
					"$(inherited)",
					"@executable_path/Frameworks",
				);
				PRODUCT_BUNDLE_IDENTIFIER = bknox.dev.HotProspects;
				PRODUCT_NAME = "$(TARGET_NAME)";
				SWIFT_VERSION = 5.0;
				TARGETED_DEVICE_FAMILY = "1,2";
			};
			name = Debug;
		};
		CA035E41266B0002009D66EF /* Release */ = {
			isa = XCBuildConfiguration;
			buildSettings = {
				ASSETCATALOG_COMPILER_APPICON_NAME = AppIcon;
				ASSETCATALOG_COMPILER_GLOBAL_ACCENT_COLOR_NAME = AccentColor;
				CODE_SIGN_STYLE = Automatic;
				DEVELOPMENT_ASSET_PATHS = "\"HotProspects/Preview Content\"";
				DEVELOPMENT_TEAM = GN64R4AHYT;
				ENABLE_PREVIEWS = YES;
				INFOPLIST_FILE = HotProspects/Info.plist;
				LD_RUNPATH_SEARCH_PATHS = (
					"$(inherited)",
					"@executable_path/Frameworks",
				);
				PRODUCT_BUNDLE_IDENTIFIER = bknox.dev.HotProspects;
				PRODUCT_NAME = "$(TARGET_NAME)";
				SWIFT_VERSION = 5.0;
				TARGETED_DEVICE_FAMILY = "1,2";
			};
			name = Release;
		};
/* End XCBuildConfiguration section */

/* Begin XCConfigurationList section */
		CA035E23266B0001009D66EF /* Build configuration list for PBXProject "HotProspects" */ = {
			isa = XCConfigurationList;
			buildConfigurations = (
				CA035E3D266B0002009D66EF /* Debug */,
				CA035E3E266B0002009D66EF /* Release */,
			);
			defaultConfigurationIsVisible = 0;
			defaultConfigurationName = Release;
		};
		CA035E3F266B0002009D66EF /* Build configuration list for PBXNativeTarget "HotProspects" */ = {
			isa = XCConfigurationList;
			buildConfigurations = (
				CA035E40266B0002009D66EF /* Debug */,
				CA035E41266B0002009D66EF /* Release */,
			);
			defaultConfigurationIsVisible = 0;
			defaultConfigurationName = Release;
		};
/* End XCConfigurationList section */

/* Begin XCRemoteSwiftPackageReference section */
		CA035E4B266FF756009D66EF /* XCRemoteSwiftPackageReference "CodeScanner" */ = {
			isa = XCRemoteSwiftPackageReference;
			repositoryURL = "https://github.com/twostraws/CodeScanner";
			requirement = {
				kind = upToNextMajorVersion;
				minimumVersion = 1.0.7;
			};
		};
/* End XCRemoteSwiftPackageReference section */

/* Begin XCSwiftPackageProductDependency section */
		CA035E4C266FF756009D66EF /* CodeScanner */ = {
			isa = XCSwiftPackageProductDependency;
			package = CA035E4B266FF756009D66EF /* XCRemoteSwiftPackageReference "CodeScanner" */;
			productName = CodeScanner;
		};
/* End XCSwiftPackageProductDependency section */

/* Begin XCVersionGroup section */
		CA035E31266B0001009D66EF /* HotProspects.xcdatamodeld */ = {
			isa = XCVersionGroup;
			children = (
				CA035E32266B0001009D66EF /* HotProspects.xcdatamodel */,
			);
			currentVersion = CA035E32266B0001009D66EF /* HotProspects.xcdatamodel */;
			path = HotProspects.xcdatamodeld;
			sourceTree = "<group>";
			versionGroupType = wrapper.xcdatamodel;
		};
/* End XCVersionGroup section */
	};
	rootObject = CA035E20266B0001009D66EF /* Project object */;
}
